// !$*UTF8*$!
{
	archiveVersion = 1;
	classes = {
	};
	objectVersion = 46;
	objects = {

/* Begin PBXBuildFile section */
		C87DD189196E061200F7B1F8 /* main.cpp in Sources */ = {isa = PBXBuildFile; fileRef = C87DD187196E061200F7B1F8 /* main.cpp */; };
		C87DD18D196E06CE00F7B1F8 /* mongoose.c in Sources */ = {isa = PBXBuildFile; fileRef = C87DD18B196E06CE00F7B1F8 /* mongoose.c */; };
/* End PBXBuildFile section */

/* Begin PBXCopyFilesBuildPhase section */
		C87DD179196E059300F7B1F8 /* CopyFiles */ = {
			isa = PBXCopyFilesBuildPhase;
			buildActionMask = 2147483647;
			dstPath = /usr/share/man/man1/;
			dstSubfolderSpec = 0;
			files = (
			);
			runOnlyForDeploymentPostprocessing = 1;
		};
/* End PBXCopyFilesBuildPhase section */

/* Begin PBXFileReference section */
		C87DD17B196E059300F7B1F8 /* scoreboardserver */ = {isa = PBXFileReference; explicitFileType = "compiled.mach-o.executable"; includeInIndex = 0; path = scoreboardserver; sourceTree = BUILT_PRODUCTS_DIR; };
		C87DD187196E061200F7B1F8 /* main.cpp */ = {isa = PBXFileReference; fileEncoding = 4; lastKnownFileType = sourcecode.cpp.cpp; name = main.cpp; path = src/main.cpp; sourceTree = SOURCE_ROOT; };
		C87DD188196E061200F7B1F8 /* scoreboardserver.1 */ = {isa = PBXFileReference; fileEncoding = 4; lastKnownFileType = text.man; name = scoreboardserver.1; path = src/scoreboardserver.1; sourceTree = SOURCE_ROOT; };
		C87DD18B196E06CE00F7B1F8 /* mongoose.c */ = {isa = PBXFileReference; fileEncoding = 4; lastKnownFileType = sourcecode.c.c; name = mongoose.c; path = lib/mongoose/mongoose.c; sourceTree = "<group>"; };
		C87DD18C196E06CE00F7B1F8 /* mongoose.h */ = {isa = PBXFileReference; fileEncoding = 4; lastKnownFileType = sourcecode.c.h; name = mongoose.h; path = lib/mongoose/mongoose.h; sourceTree = "<group>"; };
/* End PBXFileReference section */

/* Begin PBXFrameworksBuildPhase section */
		C87DD178196E059300F7B1F8 /* Frameworks */ = {
			isa = PBXFrameworksBuildPhase;
			buildActionMask = 2147483647;
			files = (
			);
			runOnlyForDeploymentPostprocessing = 0;
		};
/* End PBXFrameworksBuildPhase section */

/* Begin PBXGroup section */
		C87DD172196E059300F7B1F8 = {
			isa = PBXGroup;
			children = (
				C87DD18A196E06BE00F7B1F8 /* mongoose */,
				C87DD17D196E059300F7B1F8 /* scoreboardserver */,
				C87DD17C196E059300F7B1F8 /* Products */,
			);
			sourceTree = "<group>";
		};
		C87DD17C196E059300F7B1F8 /* Products */ = {
			isa = PBXGroup;
			children = (
				C87DD17B196E059300F7B1F8 /* scoreboardserver */,
			);
			name = Products;
			sourceTree = "<group>";
		};
		C87DD17D196E059300F7B1F8 /* scoreboardserver */ = {
			isa = PBXGroup;
			children = (
				C87DD187196E061200F7B1F8 /* main.cpp */,
				C87DD188196E061200F7B1F8 /* scoreboardserver.1 */,
			);
			path = scoreboardserver;
			sourceTree = "<group>";
		};
		C87DD18A196E06BE00F7B1F8 /* mongoose */ = {
			isa = PBXGroup;
			children = (
				C87DD18B196E06CE00F7B1F8 /* mongoose.c */,
				C87DD18C196E06CE00F7B1F8 /* mongoose.h */,
			);
			name = mongoose;
			sourceTree = "<group>";
		};
/* End PBXGroup section */

/* Begin PBXNativeTarget section */
		C87DD17A196E059300F7B1F8 /* scoreboardserver */ = {
			isa = PBXNativeTarget;
			buildConfigurationList = C87DD184196E059300F7B1F8 /* Build configuration list for PBXNativeTarget "scoreboardserver" */;
			buildPhases = (
				C87DD177196E059300F7B1F8 /* Sources */,
				C87DD178196E059300F7B1F8 /* Frameworks */,
				C87DD179196E059300F7B1F8 /* CopyFiles */,
			);
			buildRules = (
			);
			dependencies = (
			);
			name = scoreboardserver;
			productName = scoreboardserver;
			productReference = C87DD17B196E059300F7B1F8 /* scoreboardserver */;
			productType = "com.apple.product-type.tool";
		};
/* End PBXNativeTarget section */

/* Begin PBXProject section */
		C87DD173196E059300F7B1F8 /* Project object */ = {
			isa = PBXProject;
			attributes = {
				LastUpgradeCheck = 0510;
				ORGANIZATIONNAME = churchofrobotron;
			};
			buildConfigurationList = C87DD176196E059300F7B1F8 /* Build configuration list for PBXProject "scoreboardserver" */;
			compatibilityVersion = "Xcode 3.2";
			developmentRegion = English;
			hasScannedForEncodings = 0;
			knownRegions = (
				en,
			);
			mainGroup = C87DD172196E059300F7B1F8;
			productRefGroup = C87DD17C196E059300F7B1F8 /* Products */;
			projectDirPath = "";
			projectRoot = "";
			targets = (
				C87DD17A196E059300F7B1F8 /* scoreboardserver */,
			);
		};
/* End PBXProject section */

/* Begin PBXSourcesBuildPhase section */
		C87DD177196E059300F7B1F8 /* Sources */ = {
			isa = PBXSourcesBuildPhase;
			buildActionMask = 2147483647;
			files = (
				C87DD18D196E06CE00F7B1F8 /* mongoose.c in Sources */,
				C87DD189196E061200F7B1F8 /* main.cpp in Sources */,
			);
			runOnlyForDeploymentPostprocessing = 0;
		};
/* End PBXSourcesBuildPhase section */

/* Begin XCBuildConfiguration section */
		C87DD182196E059300F7B1F8 /* Debug */ = {
			isa = XCBuildConfiguration;
			buildSettings = {
				ALWAYS_SEARCH_USER_PATHS = NO;
				CLANG_CXX_LANGUAGE_STANDARD = "gnu++0x";
				CLANG_CXX_LIBRARY = "libc++";
				CLANG_ENABLE_MODULES = YES;
				CLANG_ENABLE_OBJC_ARC = YES;
				CLANG_WARN_BOOL_CONVERSION = YES;
				CLANG_WARN_CONSTANT_CONVERSION = YES;
				CLANG_WARN_DIRECT_OBJC_ISA_USAGE = YES_ERROR;
				CLANG_WARN_EMPTY_BODY = YES;
				CLANG_WARN_ENUM_CONVERSION = YES;
				CLANG_WARN_INT_CONVERSION = YES;
				CLANG_WARN_OBJC_ROOT_CLASS = YES_ERROR;
				CLANG_WARN__DUPLICATE_METHOD_MATCH = YES;
				COPY_PHASE_STRIP = NO;
				GCC_C_LANGUAGE_STANDARD = gnu99;
				GCC_DYNAMIC_NO_PIC = NO;
				GCC_ENABLE_OBJC_EXCEPTIONS = YES;
				GCC_OPTIMIZATION_LEVEL = 0;
				GCC_PREPROCESSOR_DEFINITIONS = (
					"DEBUG=1",
					"$(inherited)",
				);
				GCC_SYMBOLS_PRIVATE_EXTERN = NO;
				GCC_WARN_64_TO_32_BIT_CONVERSION = YES;
				GCC_WARN_ABOUT_RETURN_TYPE = YES_ERROR;
				GCC_WARN_UNDECLARED_SELECTOR = YES;
				GCC_WARN_UNINITIALIZED_AUTOS = YES_AGGRESSIVE;
				GCC_WARN_UNUSED_FUNCTION = YES;
				GCC_WARN_UNUSED_VARIABLE = YES;
				MACOSX_DEPLOYMENT_TARGET = 10.9;
				ONLY_ACTIVE_ARCH = YES;
				SDKROOT = macosx;
			};
			name = Debug;
		};
		C87DD183196E059300F7B1F8 /* Release */ = {
			isa = XCBuildConfiguration;
			buildSettings = {
				ALWAYS_SEARCH_USER_PATHS = NO;
				CLANG_CXX_LANGUAGE_STANDARD = "gnu++0x";
				CLANG_CXX_LIBRARY = "libc++";
				CLANG_ENABLE_MODULES = YES;
				CLANG_ENABLE_OBJC_ARC = YES;
				CLANG_WARN_BOOL_CONVERSION = YES;
				CLANG_WARN_CONSTANT_CONVERSION = YES;
				CLANG_WARN_DIRECT_OBJC_ISA_USAGE = YES_ERROR;
				CLANG_WARN_EMPTY_BODY = YES;
				CLANG_WARN_ENUM_CONVERSION = YES;
				CLANG_WARN_INT_CONVERSION = YES;
				CLANG_WARN_OBJC_ROOT_CLASS = YES_ERROR;
				CLANG_WARN__DUPLICATE_METHOD_MATCH = YES;
				COPY_PHASE_STRIP = YES;
				DEBUG_INFORMATION_FORMAT = "dwarf-with-dsym";
				ENABLE_NS_ASSERTIONS = NO;
				GCC_C_LANGUAGE_STANDARD = gnu99;
				GCC_ENABLE_OBJC_EXCEPTIONS = YES;
				GCC_WARN_64_TO_32_BIT_CONVERSION = YES;
				GCC_WARN_ABOUT_RETURN_TYPE = YES_ERROR;
				GCC_WARN_UNDECLARED_SELECTOR = YES;
				GCC_WARN_UNINITIALIZED_AUTOS = YES_AGGRESSIVE;
				GCC_WARN_UNUSED_FUNCTION = YES;
				GCC_WARN_UNUSED_VARIABLE = YES;
				MACOSX_DEPLOYMENT_TARGET = 10.9;
				SDKROOT = macosx;
			};
			name = Release;
		};
		C87DD185196E059300F7B1F8 /* Debug */ = {
			isa = XCBuildConfiguration;
			buildSettings = {
				PRODUCT_NAME = "$(TARGET_NAME)";
			};
			name = Debug;
		};
		C87DD186196E059300F7B1F8 /* Release */ = {
			isa = XCBuildConfiguration;
			buildSettings = {
				PRODUCT_NAME = "$(TARGET_NAME)";
			};
			name = Release;
		};
/* End XCBuildConfiguration section */

/* Begin XCConfigurationList section */
		C87DD176196E059300F7B1F8 /* Build configuration list for PBXProject "scoreboardserver" */ = {
			isa = XCConfigurationList;
			buildConfigurations = (
				C87DD182196E059300F7B1F8 /* Debug */,
				C87DD183196E059300F7B1F8 /* Release */,
			);
			defaultConfigurationIsVisible = 0;
			defaultConfigurationName = Release;
		};
		C87DD184196E059300F7B1F8 /* Build configuration list for PBXNativeTarget "scoreboardserver" */ = {
			isa = XCConfigurationList;
			buildConfigurations = (
				C87DD185196E059300F7B1F8 /* Debug */,
				C87DD186196E059300F7B1F8 /* Release */,
			);
			defaultConfigurationIsVisible = 0;
		};
/* End XCConfigurationList section */
	};
	rootObject = C87DD173196E059300F7B1F8 /* Project object */;
}
